<Solution>
  <Configurations>
    <Platform Name="x64" />
  </Configurations>
  <Folder Name="/App/">
    <File Path="App/Directory.Packages.props" />
    <Project Path="App/VRCX.App/VRCX.App.csproj" />
  </Folder>
  <Folder Name="/App/Platform/">
    <Project Path="App/Platform/VRCX.App.Platform.CefDesktop/VRCX.App.Platform.CefDesktop.csproj" />
    <Project Path="App/Platform/VRCX.App.Platform.Windows/VRCX.App.Platform.Windows.csproj" />
  </Folder>
  <Folder Name="/Core/">
    <Project Path="Core/VRCX.Core.DiscordRpc/VRCX.Core.DiscordRpc.csproj" />
    <Project Path="Core/VRCX.Core.ScreenshotManagement/VRCX.Core.ScreenshotManagement.csproj" />
    <Project Path="Core/VRCX.Core.Shared/VRCX.Core.Shared.csproj" />
    <Project Path="Core/VRCX.Core.WebLocalFileAccess/VRCX.Core.WebLocalFileAccess.csproj" />
    <Project Path="Core/VRCX.Core/VRCX.Core.csproj" />
  </Folder>
  <Folder Name="/Core/ConnectProtocol/">
    <Project Path="Core/VRCX.Core.ConnectProtocol/VRCX.Core.ConnectProtocol.csproj" />
  </Folder>
  <Folder Name="/Core/OverlayClient/">
    <Project Path="Core/OverlayClient/VRCX.Core.OverlayClient.OvrToolkit/VRCX.Core.OverlayClient.OvrToolkit.csproj" />
    <Project Path="Core/OverlayClient/VRCX.Core.OverlayClient.WebSocketClient/VRCX.Core.OverlayClient.WebSocketClient.csproj" />
    <Project Path="Core/OverlayClient/VRCX.Core.OverlayClient.XsOverlay/VRCX.Core.OverlayClient.XsOverlay.csproj" />
  </Folder>
  <Folder Name="/Core/Platform/">
    <Project Path="Core/Platform/VRCX.Core.Platform.Windows/VRCX.Core.Platform.Windows.csproj" />
    <Project Path="Core/Platform/VRCX.Core.Platform.Linux/VRCX.Core.Platform.Linux.csproj" />
  </Folder>
  <Folder Name="/LegacyApp/">
    <Project Path="LegacyApp/VRCX.LegacyApp.ElectronGlue/VRCX.LegacyApp.ElectronGlue.csproj" />
    <Project Path="LegacyApp/VRCX.LegacyApp.WinFormsCef/VRCX.LegacyApp.WinFormsCef.csproj" />
  </Folder>
  <Folder Name="/SolutionFiles/">
    <File Path="Directory.Build.props" />
    <File Path="Directory.Packages.props" />
  </Folder>
  <Folder Name="/ThirdParty/" />
  <Folder Name="/ThirdParty/WebView2/">
    <Project Path="../src-dotnet-third-party/WebView2Aot/WebView2/WebView2.csproj" />
  </Folder>
  <Folder Name="/Tools/">
    <Project Path="Tools/VRChatUrlLauncher/VRChatUrlLauncher.csproj" />
      <Project Path="Tools/DBMerger/DBMerger.csproj" />
  </Folder>
  <Project Path="../Dotnet/VRCX-Cef.csproj" />
  <Project Path="../Dotnet/VRCX-Electron-arm64.csproj" />
  <Project Path="../Dotnet/VRCX-Electron.csproj" />
</Solution>
